// !$*UTF8*$!
{
	archiveVersion = 1;
	classes = {
	};
	objectVersion = 46;
	objects = {

/* Begin PBXBuildFile section */
		831A501D1E7F5327005CDDD7 /* ItemCell.swift in Sources */ = {isa = PBXBuildFile; fileRef = 831A501C1E7F5327005CDDD7 /* ItemCell.swift */; };
		FAD7FA451E75E0A900C07A5D /* AppDelegate.swift in Sources */ = {isa = PBXBuildFile; fileRef = FAD7FA441E75E0A900C07A5D /* AppDelegate.swift */; };
		FAD7FA4A1E75E0AA00C07A5D /* Main.storyboard in Resources */ = {isa = PBXBuildFile; fileRef = FAD7FA481E75E0AA00C07A5D /* Main.storyboard */; };
		FAD7FA4C1E75E0AA00C07A5D /* Assets.xcassets in Resources */ = {isa = PBXBuildFile; fileRef = FAD7FA4B1E75E0AA00C07A5D /* Assets.xcassets */; };
		FAD7FA4F1E75E0AA00C07A5D /* LaunchScreen.storyboard in Resources */ = {isa = PBXBuildFile; fileRef = FAD7FA4D1E75E0AA00C07A5D /* LaunchScreen.storyboard */; };
		FAD7FA5A1E75E0AA00C07A5D /* HomepwnerTests.swift in Sources */ = {isa = PBXBuildFile; fileRef = FAD7FA591E75E0AA00C07A5D /* HomepwnerTests.swift */; };
		FAD7FA651E75E0AA00C07A5D /* HomepwnerUITests.swift in Sources */ = {isa = PBXBuildFile; fileRef = FAD7FA641E75E0AA00C07A5D /* HomepwnerUITests.swift */; };
		FAD7FA731E75E2B200C07A5D /* ItemsViewController.swift in Sources */ = {isa = PBXBuildFile; fileRef = FAD7FA721E75E2B200C07A5D /* ItemsViewController.swift */; };
		FAD7FA751E75E4F700C07A5D /* Item.swift in Sources */ = {isa = PBXBuildFile; fileRef = FAD7FA741E75E4F700C07A5D /* Item.swift */; };
		FAD7FA771E75F9C300C07A5D /* ItemStore.swift in Sources */ = {isa = PBXBuildFile; fileRef = FAD7FA761E75F9C300C07A5D /* ItemStore.swift */; };
/* End PBXBuildFile section */

/* Begin PBXContainerItemProxy section */
		FAD7FA561E75E0AA00C07A5D /* PBXContainerItemProxy */ = {
			isa = PBXContainerItemProxy;
			containerPortal = FAD7FA391E75E0A800C07A5D /* Project object */;
			proxyType = 1;
			remoteGlobalIDString = FAD7FA401E75E0A800C07A5D;
			remoteInfo = Homepwner;
		};
		FAD7FA611E75E0AA00C07A5D /* PBXContainerItemProxy */ = {
			isa = PBXContainerItemProxy;
			containerPortal = FAD7FA391E75E0A800C07A5D /* Project object */;
			proxyType = 1;
			remoteGlobalIDString = FAD7FA401E75E0A800C07A5D;
			remoteInfo = Homepwner;
		};
/* End PBXContainerItemProxy section */

/* Begin PBXFileReference section */
		831A501C1E7F5327005CDDD7 /* ItemCell.swift */ = {isa = PBXFileReference; fileEncoding = 4; lastKnownFileType = sourcecode.swift; path = ItemCell.swift; sourceTree = "<group>"; };
		FAD7FA411E75E0A900C07A5D /* Homepwner.app */ = {isa = PBXFileReference; explicitFileType = wrapper.application; includeInIndex = 0; path = Homepwner.app; sourceTree = BUILT_PRODUCTS_DIR; };
		FAD7FA441E75E0A900C07A5D /* AppDelegate.swift */ = {isa = PBXFileReference; lastKnownFileType = sourcecode.swift; path = AppDelegate.swift; sourceTree = "<group>"; };
		FAD7FA491E75E0AA00C07A5D /* Base */ = {isa = PBXFileReference; lastKnownFileType = file.storyboard; name = Base; path = Base.lproj/Main.storyboard; sourceTree = "<group>"; };
		FAD7FA4B1E75E0AA00C07A5D /* Assets.xcassets */ = {isa = PBXFileReference; lastKnownFileType = folder.assetcatalog; path = Assets.xcassets; sourceTree = "<group>"; };
		FAD7FA4E1E75E0AA00C07A5D /* Base */ = {isa = PBXFileReference; lastKnownFileType = file.storyboard; name = Base; path = Base.lproj/LaunchScreen.storyboard; sourceTree = "<group>"; };
		FAD7FA501E75E0AA00C07A5D /* Info.plist */ = {isa = PBXFileReference; lastKnownFileType = text.plist.xml; path = Info.plist; sourceTree = "<group>"; };
		FAD7FA551E75E0AA00C07A5D /* HomepwnerTests.xctest */ = {isa = PBXFileReference; explicitFileType = wrapper.cfbundle; includeInIndex = 0; path = HomepwnerTests.xctest; sourceTree = BUILT_PRODUCTS_DIR; };
		FAD7FA591E75E0AA00C07A5D /* HomepwnerTests.swift */ = {isa = PBXFileReference; lastKnownFileType = sourcecode.swift; path = HomepwnerTests.swift; sourceTree = "<group>"; };
		FAD7FA5B1E75E0AA00C07A5D /* Info.plist */ = {isa = PBXFileReference; lastKnownFileType = text.plist.xml; path = Info.plist; sourceTree = "<group>"; };
		FAD7FA601E75E0AA00C07A5D /* HomepwnerUITests.xctest */ = {isa = PBXFileReference; explicitFileType = wrapper.cfbundle; includeInIndex = 0; path = HomepwnerUITests.xctest; sourceTree = BUILT_PRODUCTS_DIR; };
		FAD7FA641E75E0AA00C07A5D /* HomepwnerUITests.swift */ = {isa = PBXFileReference; lastKnownFileType = sourcecode.swift; path = HomepwnerUITests.swift; sourceTree = "<group>"; };
		FAD7FA661E75E0AA00C07A5D /* Info.plist */ = {isa = PBXFileReference; lastKnownFileType = text.plist.xml; path = Info.plist; sourceTree = "<group>"; };
		FAD7FA721E75E2B200C07A5D /* ItemsViewController.swift */ = {isa = PBXFileReference; fileEncoding = 4; lastKnownFileType = sourcecode.swift; path = ItemsViewController.swift; sourceTree = "<group>"; };
		FAD7FA741E75E4F700C07A5D /* Item.swift */ = {isa = PBXFileReference; fileEncoding = 4; lastKnownFileType = sourcecode.swift; path = Item.swift; sourceTree = "<group>"; };
		FAD7FA761E75F9C300C07A5D /* ItemStore.swift */ = {isa = PBXFileReference; fileEncoding = 4; lastKnownFileType = sourcecode.swift; path = ItemStore.swift; sourceTree = "<group>"; };
/* End PBXFileReference section */

/* Begin PBXFrameworksBuildPhase section */
		FAD7FA3E1E75E0A800C07A5D /* Frameworks */ = {
			isa = PBXFrameworksBuildPhase;
			buildActionMask = 2147483647;
			files = (
			);
			runOnlyForDeploymentPostprocessing = 0;
		};
		FAD7FA521E75E0AA00C07A5D /* Frameworks */ = {
			isa = PBXFrameworksBuildPhase;
			buildActionMask = 2147483647;
			files = (
			);
			runOnlyForDeploymentPostprocessing = 0;
		};
		FAD7FA5D1E75E0AA00C07A5D /* Frameworks */ = {
			isa = PBXFrameworksBuildPhase;
			buildActionMask = 2147483647;
			files = (
			);
			runOnlyForDeploymentPostprocessing = 0;
		};
/* End PBXFrameworksBuildPhase section */

/* Begin PBXGroup section */
		FAD7FA381E75E0A800C07A5D = {
			isa = PBXGroup;
			children = (
				FAD7FA431E75E0A900C07A5D /* Homepwner */,
				FAD7FA581E75E0AA00C07A5D /* HomepwnerTests */,
				FAD7FA631E75E0AA00C07A5D /* HomepwnerUITests */,
				FAD7FA421E75E0A900C07A5D /* Products */,
			);
			sourceTree = "<group>";
		};
		FAD7FA421E75E0A900C07A5D /* Products */ = {
			isa = PBXGroup;
			children = (
				FAD7FA411E75E0A900C07A5D /* Homepwner.app */,
				FAD7FA551E75E0AA00C07A5D /* HomepwnerTests.xctest */,
				FAD7FA601E75E0AA00C07A5D /* HomepwnerUITests.xctest */,
			);
			name = Products;
			sourceTree = "<group>";
		};
		FAD7FA431E75E0A900C07A5D /* Homepwner */ = {
			isa = PBXGroup;
			children = (
				FAD7FA761E75F9C300C07A5D /* ItemStore.swift */,
				FAD7FA741E75E4F700C07A5D /* Item.swift */,
				FAD7FA721E75E2B200C07A5D /* ItemsViewController.swift */,
				831A501C1E7F5327005CDDD7 /* ItemCell.swift */,
				FAD7FA441E75E0A900C07A5D /* AppDelegate.swift */,
				FAD7FA481E75E0AA00C07A5D /* Main.storyboard */,
				FAD7FA4B1E75E0AA00C07A5D /* Assets.xcassets */,
				FAD7FA4D1E75E0AA00C07A5D /* LaunchScreen.storyboard */,
				FAD7FA501E75E0AA00C07A5D /* Info.plist */,
			);
			path = Homepwner;
			sourceTree = "<group>";
		};
		FAD7FA581E75E0AA00C07A5D /* HomepwnerTests */ = {
			isa = PBXGroup;
			children = (
				FAD7FA591E75E0AA00C07A5D /* HomepwnerTests.swift */,
				FAD7FA5B1E75E0AA00C07A5D /* Info.plist */,
			);
			path = HomepwnerTests;
			sourceTree = "<group>";
		};
		FAD7FA631E75E0AA00C07A5D /* HomepwnerUITests */ = {
			isa = PBXGroup;
			children = (
				FAD7FA641E75E0AA00C07A5D /* HomepwnerUITests.swift */,
				FAD7FA661E75E0AA00C07A5D /* Info.plist */,
			);
			path = HomepwnerUITests;
			sourceTree = "<group>";
		};
/* End PBXGroup section */

/* Begin PBXNativeTarget section */
		FAD7FA401E75E0A800C07A5D /* Homepwner */ = {
			isa = PBXNativeTarget;
			buildConfigurationList = FAD7FA691E75E0AA00C07A5D /* Build configuration list for PBXNativeTarget "Homepwner" */;
			buildPhases = (
				FAD7FA3D1E75E0A800C07A5D /* Sources */,
				FAD7FA3E1E75E0A800C07A5D /* Frameworks */,
				FAD7FA3F1E75E0A800C07A5D /* Resources */,
			);
			buildRules = (
			);
			dependencies = (
			);
			name = Homepwner;
			productName = Homepwner;
			productReference = FAD7FA411E75E0A900C07A5D /* Homepwner.app */;
			productType = "com.apple.product-type.application";
		};
		FAD7FA541E75E0AA00C07A5D /* HomepwnerTests */ = {
			isa = PBXNativeTarget;
			buildConfigurationList = FAD7FA6C1E75E0AA00C07A5D /* Build configuration list for PBXNativeTarget "HomepwnerTests" */;
			buildPhases = (
				FAD7FA511E75E0AA00C07A5D /* Sources */,
				FAD7FA521E75E0AA00C07A5D /* Frameworks */,
				FAD7FA531E75E0AA00C07A5D /* Resources */,
			);
			buildRules = (
			);
			dependencies = (
				FAD7FA571E75E0AA00C07A5D /* PBXTargetDependency */,
			);
			name = HomepwnerTests;
			productName = HomepwnerTests;
			productReference = FAD7FA551E75E0AA00C07A5D /* HomepwnerTests.xctest */;
			productType = "com.apple.product-type.bundle.unit-test";
		};
		FAD7FA5F1E75E0AA00C07A5D /* HomepwnerUITests */ = {
			isa = PBXNativeTarget;
			buildConfigurationList = FAD7FA6F1E75E0AA00C07A5D /* Build configuration list for PBXNativeTarget "HomepwnerUITests" */;
			buildPhases = (
				FAD7FA5C1E75E0AA00C07A5D /* Sources */,
				FAD7FA5D1E75E0AA00C07A5D /* Frameworks */,
				FAD7FA5E1E75E0AA00C07A5D /* Resources */,
			);
			buildRules = (
			);
			dependencies = (
				FAD7FA621E75E0AA00C07A5D /* PBXTargetDependency */,
			);
			name = HomepwnerUITests;
			productName = HomepwnerUITests;
			productReference = FAD7FA601E75E0AA00C07A5D /* HomepwnerUITests.xctest */;
			productType = "com.apple.product-type.bundle.ui-testing";
		};
/* End PBXNativeTarget section */

/* Begin PBXProject section */
		FAD7FA391E75E0A800C07A5D /* Project object */ = {
			isa = PBXProject;
			attributes = {
				LastSwiftUpdateCheck = 0820;
				LastUpgradeCheck = 0820;
				ORGANIZATIONNAME = Alex;
				TargetAttributes = {
					FAD7FA401E75E0A800C07A5D = {
						CreatedOnToolsVersion = 8.2.1;
						ProvisioningStyle = Automatic;
					};
					FAD7FA541E75E0AA00C07A5D = {
						CreatedOnToolsVersion = 8.2.1;
						ProvisioningStyle = Automatic;
						TestTargetID = FAD7FA401E75E0A800C07A5D;
					};
					FAD7FA5F1E75E0AA00C07A5D = {
						CreatedOnToolsVersion = 8.2.1;
						ProvisioningStyle = Automatic;
						TestTargetID = FAD7FA401E75E0A800C07A5D;
					};
				};
			};
			buildConfigurationList = FAD7FA3C1E75E0A800C07A5D /* Build configuration list for PBXProject "Homepwner" */;
			compatibilityVersion = "Xcode 3.2";
			developmentRegion = English;
			hasScannedForEncodings = 0;
			knownRegions = (
				en,
				Base,
			);
			mainGroup = FAD7FA381E75E0A800C07A5D;
			productRefGroup = FAD7FA421E75E0A900C07A5D /* Products */;
			projectDirPath = "";
			projectRoot = "";
			targets = (
				FAD7FA401E75E0A800C07A5D /* Homepwner */,
				FAD7FA541E75E0AA00C07A5D /* HomepwnerTests */,
				FAD7FA5F1E75E0AA00C07A5D /* HomepwnerUITests */,
			);
		};
/* End PBXProject section */

/* Begin PBXResourcesBuildPhase section */
		FAD7FA3F1E75E0A800C07A5D /* Resources */ = {
			isa = PBXResourcesBuildPhase;
			buildActionMask = 2147483647;
			files = (
				FAD7FA4F1E75E0AA00C07A5D /* LaunchScreen.storyboard in Resources */,
				FAD7FA4C1E75E0AA00C07A5D /* Assets.xcassets in Resources */,
				FAD7FA4A1E75E0AA00C07A5D /* Main.storyboard in Resources */,
			);
			runOnlyForDeploymentPostprocessing = 0;
		};
		FAD7FA531E75E0AA00C07A5D /* Resources */ = {
			isa = PBXResourcesBuildPhase;
			buildActionMask = 2147483647;
			files = (
			);
			runOnlyForDeploymentPostprocessing = 0;
		};
		FAD7FA5E1E75E0AA00C07A5D /* Resources */ = {
			isa = PBXResourcesBuildPhase;
			buildActionMask = 2147483647;
			files = (
			);
			runOnlyForDeploymentPostprocessing = 0;
		};
/* End PBXResourcesBuildPhase section */

/* Begin PBXSourcesBuildPhase section */
		FAD7FA3D1E75E0A800C07A5D /* Sources */ = {
			isa = PBXSourcesBuildPhase;
			buildActionMask = 2147483647;
			files = (
				FAD7FA731E75E2B200C07A5D /* ItemsViewController.swift in Sources */,
				FAD7FA751E75E4F700C07A5D /* Item.swift in Sources */,
				FAD7FA771E75F9C300C07A5D /* ItemStore.swift in Sources */,
				FAD7FA451E75E0A900C07A5D /* AppDelegate.swift in Sources */,
				831A501D1E7F5327005CDDD7 /* ItemCell.swift in Sources */,
			);
			runOnlyForDeploymentPostprocessing = 0;
		};
		FAD7FA511E75E0AA00C07A5D /* Sources */ = {
			isa = PBXSourcesBuildPhase;
			buildActionMask = 2147483647;
			files = (
				FAD7FA5A1E75E0AA00C07A5D /* HomepwnerTests.swift in Sources */,
			);
			runOnlyForDeploymentPostprocessing = 0;
		};
		FAD7FA5C1E75E0AA00C07A5D /* Sources */ = {
			isa = PBXSourcesBuildPhase;
			buildActionMask = 2147483647;
			files = (
				FAD7FA651E75E0AA00C07A5D /* HomepwnerUITests.swift in Sources */,
			);
			runOnlyForDeploymentPostprocessing = 0;
		};
/* End PBXSourcesBuildPhase section */

/* Begin PBXTargetDependency section */
		FAD7FA571E75E0AA00C07A5D /* PBXTargetDependency */ = {
			isa = PBXTargetDependency;
			target = FAD7FA401E75E0A800C07A5D /* Homepwner */;
			targetProxy = FAD7FA561E75E0AA00C07A5D /* PBXContainerItemProxy */;
		};
		FAD7FA621E75E0AA00C07A5D /* PBXTargetDependency */ = {
			isa = PBXTargetDependency;
			target = FAD7FA401E75E0A800C07A5D /* Homepwner */;
			targetProxy = FAD7FA611E75E0AA00C07A5D /* PBXContainerItemProxy */;
		};
/* End PBXTargetDependency section */

/* Begin PBXVariantGroup section */
		FAD7FA481E75E0AA00C07A5D /* Main.storyboard */ = {
			isa = PBXVariantGroup;
			children = (
				FAD7FA491E75E0AA00C07A5D /* Base */,
			);
			name = Main.storyboard;
			sourceTree = "<group>";
		};
		FAD7FA4D1E75E0AA00C07A5D /* LaunchScreen.storyboard */ = {
			isa = PBXVariantGroup;
			children = (
				FAD7FA4E1E75E0AA00C07A5D /* Base */,
			);
			name = LaunchScreen.storyboard;
			sourceTree = "<group>";
		};
/* End PBXVariantGroup section */

/* Begin XCBuildConfiguration section */
		FAD7FA671E75E0AA00C07A5D /* Debug */ = {
			isa = XCBuildConfiguration;
			buildSettings = {
				ALWAYS_SEARCH_USER_PATHS = NO;
				CLANG_ANALYZER_NONNULL = YES;
				CLANG_CXX_LANGUAGE_STANDARD = "gnu++0x";
				CLANG_CXX_LIBRARY = "libc++";
				CLANG_ENABLE_MODULES = YES;
				CLANG_ENABLE_OBJC_ARC = YES;
				CLANG_WARN_BOOL_CONVERSION = YES;
				CLANG_WARN_CONSTANT_CONVERSION = YES;
				CLANG_WARN_DIRECT_OBJC_ISA_USAGE = YES_ERROR;
				CLANG_WARN_DOCUMENTATION_COMMENTS = YES;
				CLANG_WARN_EMPTY_BODY = YES;
				CLANG_WARN_ENUM_CONVERSION = YES;
				CLANG_WARN_INFINITE_RECURSION = YES;
				CLANG_WARN_INT_CONVERSION = YES;
				CLANG_WARN_OBJC_ROOT_CLASS = YES_ERROR;
				CLANG_WARN_SUSPICIOUS_MOVE = YES;
				CLANG_WARN_UNREACHABLE_CODE = YES;
				CLANG_WARN__DUPLICATE_METHOD_MATCH = YES;
				"CODE_SIGN_IDENTITY[sdk=iphoneos*]" = "iPhone Developer";
				COPY_PHASE_STRIP = NO;
				DEBUG_INFORMATION_FORMAT = dwarf;
				ENABLE_STRICT_OBJC_MSGSEND = YES;
				ENABLE_TESTABILITY = YES;
				GCC_C_LANGUAGE_STANDARD = gnu99;
				GCC_DYNAMIC_NO_PIC = NO;
				GCC_NO_COMMON_BLOCKS = YES;
				GCC_OPTIMIZATION_LEVEL = 0;
				GCC_PREPROCESSOR_DEFINITIONS = (
					"DEBUG=1",
					"$(inherited)",
				);
				GCC_WARN_64_TO_32_BIT_CONVERSION = YES;
				GCC_WARN_ABOUT_RETURN_TYPE = YES_ERROR;
				GCC_WARN_UNDECLARED_SELECTOR = YES;
				GCC_WARN_UNINITIALIZED_AUTOS = YES_AGGRESSIVE;
				GCC_WARN_UNUSED_FUNCTION = YES;
				GCC_WARN_UNUSED_VARIABLE = YES;
				IPHONEOS_DEPLOYMENT_TARGET = 10.2;
				MTL_ENABLE_DEBUG_INFO = YES;
				ONLY_ACTIVE_ARCH = YES;
				SDKROOT = iphoneos;
				SWIFT_ACTIVE_COMPILATION_CONDITIONS = DEBUG;
				SWIFT_OPTIMIZATION_LEVEL = "-Onone";
				TARGETED_DEVICE_FAMILY = "1,2";
			};
			name = Debug;
		};
		FAD7FA681E75E0AA00C07A5D /* Release */ = {
			isa = XCBuildConfiguration;
			buildSettings = {
				ALWAYS_SEARCH_USER_PATHS = NO;
				CLANG_ANALYZER_NONNULL = YES;
				CLANG_CXX_LANGUAGE_STANDARD = "gnu++0x";
				CLANG_CXX_LIBRARY = "libc++";
				CLANG_ENABLE_MODULES = YES;
				CLANG_ENABLE_OBJC_ARC = YES;
				CLANG_WARN_BOOL_CONVERSION = YES;
				CLANG_WARN_CONSTANT_CONVERSION = YES;
				CLANG_WARN_DIRECT_OBJC_ISA_USAGE = YES_ERROR;
				CLANG_WARN_DOCUMENTATION_COMMENTS = YES;
				CLANG_WARN_EMPTY_BODY = YES;
				CLANG_WARN_ENUM_CONVERSION = YES;
				CLANG_WARN_INFINITE_RECURSION = YES;
				CLANG_WARN_INT_CONVERSION = YES;
				CLANG_WARN_OBJC_ROOT_CLASS = YES_ERROR;
				CLANG_WARN_SUSPICIOUS_MOVE = YES;
				CLANG_WARN_UNREACHABLE_CODE = YES;
				CLANG_WARN__DUPLICATE_METHOD_MATCH = YES;
				"CODE_SIGN_IDENTITY[sdk=iphoneos*]" = "iPhone Developer";
				COPY_PHASE_STRIP = NO;
				DEBUG_INFORMATION_FORMAT = "dwarf-with-dsym";
				ENABLE_NS_ASSERTIONS = NO;
				ENABLE_STRICT_OBJC_MSGSEND = YES;
				GCC_C_LANGUAGE_STANDARD = gnu99;
				GCC_NO_COMMON_BLOCKS = YES;
				GCC_WARN_64_TO_32_BIT_CONVERSION = YES;
				GCC_WARN_ABOUT_RETURN_TYPE = YES_ERROR;
				GCC_WARN_UNDECLARED_SELECTOR = YES;
				GCC_WARN_UNINITIALIZED_AUTOS = YES_AGGRESSIVE;
				GCC_WARN_UNUSED_FUNCTION = YES;
				GCC_WARN_UNUSED_VARIABLE = YES;
				IPHONEOS_DEPLOYMENT_TARGET = 10.2;
				MTL_ENABLE_DEBUG_INFO = NO;
				SDKROOT = iphoneos;
				SWIFT_OPTIMIZATION_LEVEL = "-Owholemodule";
				TARGETED_DEVICE_FAMILY = "1,2";
				VALIDATE_PRODUCT = YES;
			};
			name = Release;
		};
		FAD7FA6A1E75E0AA00C07A5D /* Debug */ = {
			isa = XCBuildConfiguration;
			buildSettings = {
				ASSETCATALOG_COMPILER_APPICON_NAME = AppIcon;
				INFOPLIST_FILE = Homepwner/Info.plist;
				LD_RUNPATH_SEARCH_PATHS = "$(inherited) @executable_path/Frameworks";
				PRODUCT_BUNDLE_IDENTIFIER = AWN.Homepwner;
				PRODUCT_NAME = "$(TARGET_NAME)";
				SWIFT_VERSION = 3.0;
			};
			name = Debug;
		};
		FAD7FA6B1E75E0AA00C07A5D /* Release */ = {
			isa = XCBuildConfiguration;
			buildSettings = {
				ASSETCATALOG_COMPILER_APPICON_NAME = AppIcon;
				INFOPLIST_FILE = Homepwner/Info.plist;
				LD_RUNPATH_SEARCH_PATHS = "$(inherited) @executable_path/Frameworks";
				PRODUCT_BUNDLE_IDENTIFIER = AWN.Homepwner;
				PRODUCT_NAME = "$(TARGET_NAME)";
				SWIFT_VERSION = 3.0;
			};
			name = Release;
		};
		FAD7FA6D1E75E0AA00C07A5D /* Debug */ = {
			isa = XCBuildConfiguration;
			buildSettings = {
				ALWAYS_EMBED_SWIFT_STANDARD_LIBRARIES = YES;
				BUNDLE_LOADER = "$(TEST_HOST)";
				INFOPLIST_FILE = HomepwnerTests/Info.plist;
				LD_RUNPATH_SEARCH_PATHS = "$(inherited) @executable_path/Frameworks @loader_path/Frameworks";
				PRODUCT_BUNDLE_IDENTIFIER = AWN.HomepwnerTests;
				PRODUCT_NAME = "$(TARGET_NAME)";
				SWIFT_VERSION = 3.0;
				TEST_HOST = "$(BUILT_PRODUCTS_DIR)/Homepwner.app/Homepwner";
			};
			name = Debug;
		};
		FAD7FA6E1E75E0AA00C07A5D /* Release */ = {
			isa = XCBuildConfiguration;
			buildSettings = {
				ALWAYS_EMBED_SWIFT_STANDARD_LIBRARIES = YES;
				BUNDLE_LOADER = "$(TEST_HOST)";
				INFOPLIST_FILE = HomepwnerTests/Info.plist;
				LD_RUNPATH_SEARCH_PATHS = "$(inherited) @executable_path/Frameworks @loader_path/Frameworks";
				PRODUCT_BUNDLE_IDENTIFIER = AWN.HomepwnerTests;
				PRODUCT_NAME = "$(TARGET_NAME)";
				SWIFT_VERSION = 3.0;
				TEST_HOST = "$(BUILT_PRODUCTS_DIR)/Homepwner.app/Homepwner";
			};
			name = Release;
		};
		FAD7FA701E75E0AA00C07A5D /* Debug */ = {
			isa = XCBuildConfiguration;
			buildSettings = {
				ALWAYS_EMBED_SWIFT_STANDARD_LIBRARIES = YES;
				INFOPLIST_FILE = HomepwnerUITests/Info.plist;
				LD_RUNPATH_SEARCH_PATHS = "$(inherited) @executable_path/Frameworks @loader_path/Frameworks";
				PRODUCT_BUNDLE_IDENTIFIER = AWN.HomepwnerUITests;
				PRODUCT_NAME = "$(TARGET_NAME)";
				SWIFT_VERSION = 3.0;
				TEST_TARGET_NAME = Homepwner;
			};
			name = Debug;
		};
		FAD7FA711E75E0AA00C07A5D /* Release */ = {
			isa = XCBuildConfiguration;
			buildSettings = {
				ALWAYS_EMBED_SWIFT_STANDARD_LIBRARIES = YES;
				INFOPLIST_FILE = HomepwnerUITests/Info.plist;
				LD_RUNPATH_SEARCH_PATHS = "$(inherited) @executable_path/Frameworks @loader_path/Frameworks";
				PRODUCT_BUNDLE_IDENTIFIER = AWN.HomepwnerUITests;
				PRODUCT_NAME = "$(TARGET_NAME)";
				SWIFT_VERSION = 3.0;
				TEST_TARGET_NAME = Homepwner;
			};
			name = Release;
		};
/* End XCBuildConfiguration section */

/* Begin XCConfigurationList section */
		FAD7FA3C1E75E0A800C07A5D /* Build configuration list for PBXProject "Homepwner" */ = {
			isa = XCConfigurationList;
			buildConfigurations = (
				FAD7FA671E75E0AA00C07A5D /* Debug */,
				FAD7FA681E75E0AA00C07A5D /* Release */,
			);
			defaultConfigurationIsVisible = 0;
			defaultConfigurationName = Release;
		};
		FAD7FA691E75E0AA00C07A5D /* Build configuration list for PBXNativeTarget "Homepwner" */ = {
			isa = XCConfigurationList;
			buildConfigurations = (
				FAD7FA6A1E75E0AA00C07A5D /* Debug */,
				FAD7FA6B1E75E0AA00C07A5D /* Release */,
			);
			defaultConfigurationIsVisible = 0;
			defaultConfigurationName = Release;
		};
		FAD7FA6C1E75E0AA00C07A5D /* Build configuration list for PBXNativeTarget "HomepwnerTests" */ = {
			isa = XCConfigurationList;
			buildConfigurations = (
				FAD7FA6D1E75E0AA00C07A5D /* Debug */,
				FAD7FA6E1E75E0AA00C07A5D /* Release */,
			);
			defaultConfigurationIsVisible = 0;
			defaultConfigurationName = Release;
		};
		FAD7FA6F1E75E0AA00C07A5D /* Build configuration list for PBXNativeTarget "HomepwnerUITests" */ = {
			isa = XCConfigurationList;
			buildConfigurations = (
				FAD7FA701E75E0AA00C07A5D /* Debug */,
				FAD7FA711E75E0AA00C07A5D /* Release */,
			);
			defaultConfigurationIsVisible = 0;
			defaultConfigurationName = Release;
		};
/* End XCConfigurationList section */
	};
	rootObject = FAD7FA391E75E0A800C07A5D /* Project object */;
}
